
Microsoft Visual Studio Solution File, Format Version 12.00
# Visual Studio Version 16
VisualStudioVersion = 16.0.29613.14
MinimumVisualStudioVersion = 10.0.40219.1
Project("{FAE04EC0-301F-11D3-BF4B-00C04F79EFBC}") = "testing", "testing\testing.csproj", "{E6D661F3-A5F4-4757-9F01-BB2B7D2E6C5C}"
EndProject
Global
	GlobalSection(SolutionConfigurationPlatforms) = preSolution
		Debug|Any CPU = Debug|Any CPU
		Release|Any CPU = Release|Any CPU
	EndGlobalSection
	GlobalSection(ProjectConfigurationPlatforms) = postSolution
		{E6D661F3-A5F4-4757-9F01-BB2B7D2E6C5C}.Debug|Any CPU.ActiveCfg = Debug|Any CPU
		{E6D661F3-A5F4-4757-9F01-BB2B7D2E6C5C}.Debug|Any CPU.Build.0 = Debug|Any CPU
		{E6D661F3-A5F4-4757-9F01-BB2B7D2E6C5C}.Release|Any CPU.ActiveCfg = Release|Any CPU
		{E6D661F3-A5F4-4757-9F01-BB2B7D2E6C5C}.Release|Any CPU.Build.0 = Release|Any CPU
	EndGlobalSection
	GlobalSection(SolutionProperties) = preSolution
		HideSolutionNode = FALSE
	EndGlobalSection
	GlobalSection(ExtensibilityGlobals) = postSolution
		SolutionGuid = {752190DD-C0B6-4F4A-9E79-5286A2830840}
	EndGlobalSection
EndGlobal
